
Microsoft Visual Studio Solution File, Format Version 12.00
# Visual Studio Version 17
VisualStudioVersion = 17.2.32526.322
MinimumVisualStudioVersion = 10.0.40219.1
Project("{FAE04EC0-301F-11D3-BF4B-00C04F79EFBC}") = "Assy_Bom", "Assy_Bom\Assy_Bom.csproj", "{1C1652BD-D41A-4FA6-AC2B-2929C308CDFC}"
EndProject
Global
	GlobalSection(SolutionConfigurationPlatforms) = preSolution
		Debug|Any CPU = Debug|Any CPU
		Release|Any CPU = Release|Any CPU
	EndGlobalSection
	GlobalSection(ProjectConfigurationPlatforms) = postSolution
		{1C1652BD-D41A-4FA6-AC2B-2929C308CDFC}.Debug|Any CPU.ActiveCfg = Debug|Any CPU
		{1C1652BD-D41A-4FA6-AC2B-2929C308CDFC}.Debug|Any CPU.Build.0 = Debug|Any CPU
		{1C1652BD-D41A-4FA6-AC2B-2929C308CDFC}.Release|Any CPU.ActiveCfg = Release|Any CPU
		{1C1652BD-D41A-4FA6-AC2B-2929C308CDFC}.Release|Any CPU.Build.0 = Release|Any CPU
	EndGlobalSection
	GlobalSection(SolutionProperties) = preSolution
		HideSolutionNode = FALSE
	EndGlobalSection
	GlobalSection(ExtensibilityGlobals) = postSolution
		SolutionGuid = {7D8C83BE-DAB6-4CF5-AD9B-DFE09AF995DC}
	EndGlobalSection
EndGlobal
